
Microsoft Visual Studio Solution File, Format Version 12.00
# Visual Studio Express 2013 for Windows Desktop
VisualStudioVersion = 12.0.31101.0
MinimumVisualStudioVersion = 10.0.40219.1
Project("{FAE04EC0-301F-11D3-BF4B-00C04F79EFBC}") = "HelloWorld1", "HelloWorld1\HelloWorld1.csproj", "{331F279E-983C-49A5-93EB-F6B97123079F}"
EndProject
Global
	GlobalSection(SolutionConfigurationPlatforms) = preSolution
		Debug|Any CPU = Debug|Any CPU
		Release|Any CPU = Release|Any CPU
	EndGlobalSection
	GlobalSection(ProjectConfigurationPlatforms) = postSolution
		{331F279E-983C-49A5-93EB-F6B97123079F}.Debug|Any CPU.ActiveCfg = Debug|Any CPU
		{331F279E-983C-49A5-93EB-F6B97123079F}.Debug|Any CPU.Build.0 = Debug|Any CPU
		{331F279E-983C-49A5-93EB-F6B97123079F}.Release|Any CPU.ActiveCfg = Release|Any CPU
		{331F279E-983C-49A5-93EB-F6B97123079F}.Release|Any CPU.Build.0 = Release|Any CPU
	EndGlobalSection
	GlobalSection(SolutionProperties) = preSolution
		HideSolutionNode = FALSE
	EndGlobalSection
EndGlobal
